
Microsoft Visual Studio Solution File, Format Version 12.00
# Visual Studio Version 17
VisualStudioVersion = 17.6.33801.468
MinimumVisualStudioVersion = 10.0.40219.1
Project("{FAE04EC0-301F-11D3-BF4B-00C04F79EFBC}") = "WebAPIDemo", "WebAPIDemo\WebAPIDemo.csproj", "{B7667AF7-56BA-41A1-B593-A0942353CDDA}"
EndProject
Global
	GlobalSection(SolutionConfigurationPlatforms) = preSolution
		Debug|Any CPU = Debug|Any CPU
		Release|Any CPU = Release|Any CPU
	EndGlobalSection
	GlobalSection(ProjectConfigurationPlatforms) = postSolution
		{B7667AF7-56BA-41A1-B593-A0942353CDDA}.Debug|Any CPU.ActiveCfg = Debug|Any CPU
		{B7667AF7-56BA-41A1-B593-A0942353CDDA}.Debug|Any CPU.Build.0 = Debug|Any CPU
		{B7667AF7-56BA-41A1-B593-A0942353CDDA}.Release|Any CPU.ActiveCfg = Release|Any CPU
		{B7667AF7-56BA-41A1-B593-A0942353CDDA}.Release|Any CPU.Build.0 = Release|Any CPU
	EndGlobalSection
	GlobalSection(SolutionProperties) = preSolution
		HideSolutionNode = FALSE
	EndGlobalSection
	GlobalSection(ExtensibilityGlobals) = postSolution
		SolutionGuid = {4A91BB08-5AA8-461C-8FA7-180F57B1C9B1}
	EndGlobalSection
EndGlobal
